PODS:
  - AppCenter/Analytics (5.0.5):
    - AppCenter/Core
  - AppCenter/Core (5.0.5)
  - AppCenter/Crashes (5.0.5):
    - AppCenter/Core
  - KeychainAccess (4.2.2)
  - Nuke (10.7.1)
  - Starscream (4.0.8)

DEPENDENCIES:
  - AppCenter/Analytics (~> 5.0)
  - AppCenter/Crashes (~> 5.0)
  - KeychainAccess (~> 4.2.2)
  - Nuke (~> 10.0)
  - Starscream (~> 4.0.0)

SPEC REPOS:
  trunk:
    - AppCenter
    - KeychainAccess
    - Nuke
    - Starscream

SPEC CHECKSUMS:
  AppCenter: 994875ea7941b9e168babb98299f900a94bcef13
  KeychainAccess: c0c4f7f38f6fc7bbe58f5702e25f7bd2f65abf51
  Nuke: 279f17a599fd1c83cf51de5e0e1f2db143a287b0
  Starscream: 19b5533ddb925208db698f0ac508a100b884a1b9

PODFILE CHECKSUM: c0b9b55044ebe3d841c52647f4f74ad4169f97f1

COCOAPODS: 1.16.2
