{
  "object": {
    "pins": [
      {
        "package": "AppCenter",
        "repositoryURL": "https://github.com/microsoft/appcenter-sdk-apple",
        "state": {
          "branch": null,
          "revision": "ab54f758243f282d290b33027e8aac910d3d859a",
          "version": "5.0.5"
        }
      },
      {
        "package": "LaunchAtLogin",
        "repositoryURL": "https://github.com/sindresorhus/LaunchAtLogin.git",
        "state": {
          "branch": null,
          "revision": "e8171b3e38a2816f579f58f3dac1522aa39efe41",
          "version": "4.2.0"
        }
      },
      {
        "package": "PLCrashReporter",
        "repositoryURL": "https://github.com/microsoft/PLCrashReporter.git",
        "state": {
          "branch": null,
          "revision": "6752f71de206f6a53fa6a758c3660fd9a7fe7527",
          "version": "1.11.2"
        }
      },
      {
        "package": "SemanticVersion",
        "repositoryURL": "https://github.com/SwiftPackageIndex/SemanticVersion",
        "state": {
          "branch": null,
          "revision": "ea8eea9d89842a29af1b8e6c7677f1c86e72fa42",
          "version": "0.4.0"
        }
      },
      {
        "package": "swift-argument-parser",
        "repositoryURL": "https://github.com/apple/swift-argument-parser.git",
        "state": {
          "branch": null,
          "revision": "8f4d2753f0e4778c76d5f05ad16c74f707390531",
          "version": "1.2.3"
        }
      }
    ]
  },
  "version": 1
}
